
Microsoft Visual Studio Solution File, Format Version 12.00
# Visual Studio Version 16
VisualStudioVersion = 16.0.31829.152
MinimumVisualStudioVersion = 10.0.40219.1
Project("{FAE04EC0-301F-11D3-BF4B-00C04F79EFBC}") = "BulkyBookWeb", "BulkyBookWeb\BulkyBookWeb.csproj", "{793CB374-84B2-4AAB-8133-675D1CE49A1E}"
EndProject
Global
	GlobalSection(SolutionConfigurationPlatforms) = preSolution
		Debug|Any CPU = Debug|Any CPU
		Release|Any CPU = Release|Any CPU
	EndGlobalSection
	GlobalSection(ProjectConfigurationPlatforms) = postSolution
		{793CB374-84B2-4AAB-8133-675D1CE49A1E}.Debug|Any CPU.ActiveCfg = Debug|Any CPU
		{793CB374-84B2-4AAB-8133-675D1CE49A1E}.Debug|Any CPU.Build.0 = Debug|Any CPU
		{793CB374-84B2-4AAB-8133-675D1CE49A1E}.Release|Any CPU.ActiveCfg = Release|Any CPU
		{793CB374-84B2-4AAB-8133-675D1CE49A1E}.Release|Any CPU.Build.0 = Release|Any CPU
	EndGlobalSection
	GlobalSection(SolutionProperties) = preSolution
		HideSolutionNode = FALSE
	EndGlobalSection
	GlobalSection(ExtensibilityGlobals) = postSolution
		SolutionGuid = {46147004-04F9-43A2-A5AF-6CC679228DFE}
	EndGlobalSection
EndGlobal
