
Microsoft Visual Studio Solution File, Format Version 12.00
# Visual Studio Version 16
VisualStudioVersion = 16.0.30309.148
MinimumVisualStudioVersion = 10.0.40219.1
Project("{FAE04EC0-301F-11D3-BF4B-00C04F79EFBC}") = "BulkyBook", "BulkyBook\BulkyBook.csproj", "{AF7B3A5B-99FF-4905-83DA-BD866AA0EC95}"
EndProject
Project("{FAE04EC0-301F-11D3-BF4B-00C04F79EFBC}") = "BulkyBook.DataAccess", "BulkyBook.DataAccess\BulkyBook.DataAccess.csproj", "{F1FF7010-C6D2-4A55-90D9-B1FC859AEA6F}"
EndProject
Project("{FAE04EC0-301F-11D3-BF4B-00C04F79EFBC}") = "BulkyBook.Models", "BulkyBook.Models\BulkyBook.Models.csproj", "{35199218-6143-4F04-8F2B-53547E081C28}"
EndProject
Project("{FAE04EC0-301F-11D3-BF4B-00C04F79EFBC}") = "BulkyBook.Utility", "BulkyBook.Utility\BulkyBook.Utility.csproj", "{E7590BD5-4F8B-44F8-8A6A-9B9FEE0A3F7C}"
EndProject
Global
	GlobalSection(SolutionConfigurationPlatforms) = preSolution
		Debug|Any CPU = Debug|Any CPU
		Release|Any CPU = Release|Any CPU
	EndGlobalSection
	GlobalSection(ProjectConfigurationPlatforms) = postSolution
		{AF7B3A5B-99FF-4905-83DA-BD866AA0EC95}.Debug|Any CPU.ActiveCfg = Debug|Any CPU
		{AF7B3A5B-99FF-4905-83DA-BD866AA0EC95}.Debug|Any CPU.Build.0 = Debug|Any CPU
		{AF7B3A5B-99FF-4905-83DA-BD866AA0EC95}.Release|Any CPU.ActiveCfg = Release|Any CPU
		{AF7B3A5B-99FF-4905-83DA-BD866AA0EC95}.Release|Any CPU.Build.0 = Release|Any CPU
		{F1FF7010-C6D2-4A55-90D9-B1FC859AEA6F}.Debug|Any CPU.ActiveCfg = Debug|Any CPU
		{F1FF7010-C6D2-4A55-90D9-B1FC859AEA6F}.Debug|Any CPU.Build.0 = Debug|Any CPU
		{F1FF7010-C6D2-4A55-90D9-B1FC859AEA6F}.Release|Any CPU.ActiveCfg = Release|Any CPU
		{F1FF7010-C6D2-4A55-90D9-B1FC859AEA6F}.Release|Any CPU.Build.0 = Release|Any CPU
		{35199218-6143-4F04-8F2B-53547E081C28}.Debug|Any CPU.ActiveCfg = Debug|Any CPU
		{35199218-6143-4F04-8F2B-53547E081C28}.Debug|Any CPU.Build.0 = Debug|Any CPU
		{35199218-6143-4F04-8F2B-53547E081C28}.Release|Any CPU.ActiveCfg = Release|Any CPU
		{35199218-6143-4F04-8F2B-53547E081C28}.Release|Any CPU.Build.0 = Release|Any CPU
		{E7590BD5-4F8B-44F8-8A6A-9B9FEE0A3F7C}.Debug|Any CPU.ActiveCfg = Debug|Any CPU
		{E7590BD5-4F8B-44F8-8A6A-9B9FEE0A3F7C}.Debug|Any CPU.Build.0 = Debug|Any CPU
		{E7590BD5-4F8B-44F8-8A6A-9B9FEE0A3F7C}.Release|Any CPU.ActiveCfg = Release|Any CPU
		{E7590BD5-4F8B-44F8-8A6A-9B9FEE0A3F7C}.Release|Any CPU.Build.0 = Release|Any CPU
	EndGlobalSection
	GlobalSection(SolutionProperties) = preSolution
		HideSolutionNode = FALSE
	EndGlobalSection
	GlobalSection(ExtensibilityGlobals) = postSolution
		SolutionGuid = {1FCF731A-1AC3-478B-837F-C5DCF217B6D6}
	EndGlobalSection
EndGlobal
